
Microsoft Visual Studio Solution File, Format Version 12.00
# Visual Studio 14
VisualStudioVersion = 14.0.23107.0
MinimumVisualStudioVersion = 10.0.40219.1
Project("{2150E333-8FDC-42A3-9474-1A3956D46DE8}") = "General", "General", "{B544D851-8942-4AEF-94DE-63B9B6B57046}"
EndProject
Project("{2150E333-8FDC-42A3-9474-1A3956D46DE8}") = "Platform", "Platform", "{B9987A67-E32E-4156-9AC8-BB5AD7EC81A3}"
EndProject
Project("{FAE04EC0-301F-11D3-BF4B-00C04F79EFBC}") = "HomeAutomation.NetCore.RPI", "HomeAutomation.NetCore.RPI\HomeAutomation.NetCore.RPI.csproj", "{3151F343-FE1B-48ED-9536-7FDF08C6BE58}"
EndProject
Project("{FAE04EC0-301F-11D3-BF4B-00C04F79EFBC}") = "HomeAutomation.Gateway", "HomeAutomation.Gateway\HomeAutomation.Gateway.csproj", "{E221D2FB-75E1-4BB5-AB34-DB96435C7DAA}"
EndProject
Project("{FAE04EC0-301F-11D3-BF4B-00C04F79EFBC}") = "HomeAutomation.Logging", "HomeAutomation.Logging\HomeAutomation.Logging.csproj", "{3E7F9495-4C0F-4FFE-925E-392AFBDE036D}"
EndProject
Project("{FAE04EC0-301F-11D3-BF4B-00C04F79EFBC}") = "HomeAutomation.Sensor", "HomeAutomation.Sensor\HomeAutomation.Sensor.csproj", "{5A90067B-7923-4632-A871-A1F578D94C58}"
EndProject
Project("{FAE04EC0-301F-11D3-BF4B-00C04F79EFBC}") = "HomeAutomation.Util", "HomeAutomation.Util\HomeAutomation.Util.csproj", "{F8BAFD53-064E-43B6-8671-A09AF5F812C4}"
EndProject
Project("{FAE04EC0-301F-11D3-BF4B-00C04F79EFBC}") = "HomeAutomation.XBee", "HomeAutomation.XBee\HomeAutomation.XBee.csproj", "{F7EC2235-E2D5-4D32-A8FD-F6664489F7A5}"
EndProject
Project("{FAE04EC0-301F-11D3-BF4B-00C04F79EFBC}") = "MosziNet.HomeAutomation.Gateway.Service", "MosziNet.HomeAutomation.Gateway.Service\MosziNet.HomeAutomation.Gateway.Service.csproj", "{E9A208CF-759F-4F8D-8A73-F0013C4F9308}"
EndProject
Project("{2150E333-8FDC-42A3-9474-1A3956D46DE8}") = "Test", "Test", "{E46A108E-DD10-4AF2-8BE7-0F764CD4984D}"
EndProject
Project("{FAE04EC0-301F-11D3-BF4B-00C04F79EFBC}") = "HomeAutomation.XBee.Tests", "..\..\test\Gateway\HomeAutomation.XBee.Tests\HomeAutomation.XBee.Tests.csproj", "{397889B1-1F9A-4A65-B5C1-F167DF1B2FB7}"
EndProject
Project("{FAE04EC0-301F-11D3-BF4B-00C04F79EFBC}") = "HomeAutomation.Util.Tests", "..\..\test\Gateway\HomeAutomation.Util.Tests\HomeAutomation.Util.Tests.csproj", "{0A26C936-CC9E-4F6A-94C6-2BD126074B3E}"
EndProject
Project("{FAE04EC0-301F-11D3-BF4B-00C04F79EFBC}") = "HomeAutomation.Sensor.Tests", "..\..\test\Gateway\HomeAutomation.Sensor.Tests\HomeAutomation.Sensor.Tests.csproj", "{5DA44374-82C8-477A-9A12-96ECFA7D3750}"
EndProject
Project("{FAE04EC0-301F-11D3-BF4B-00C04F79EFBC}") = "HomeAutomation.Logging.Tests", "..\..\test\Gateway\HomeAutomation.Logging.Tests\HomeAutomation.Logging.Tests.csproj", "{668EA50C-71BC-4504-A56C-B6A0829433CF}"
EndProject
Project("{FAE04EC0-301F-11D3-BF4B-00C04F79EFBC}") = "HomeAutomation.Gateway.Tests", "..\..\test\Gateway\HomeAutomation.Gateway.Tests\HomeAutomation.Gateway.Tests.csproj", "{4C6BDFC9-0FFF-4104-8696-1831F18C8B81}"
EndProject
Project("{FAE04EC0-301F-11D3-BF4B-00C04F79EFBC}") = "HomeAutomation.DeviceNetwork.XBee", "HomeAutomation.DeviceNetwork.XBee\HomeAutomation.DeviceNetwork.XBee.csproj", "{FF9BB532-5312-40E3-92E1-F65FB1A312A9}"
EndProject
Project("{2150E333-8FDC-42A3-9474-1A3956D46DE8}") = "DeviceNetwork", "DeviceNetwork", "{CEBEAB9F-C7D6-4445-9073-96B19F8D7D9B}"
EndProject
Project("{FAE04EC0-301F-11D3-BF4B-00C04F79EFBC}") = "HomeAutomation.Core", "HomeAutomation.Core\HomeAutomation.Core.csproj", "{B1160ED7-9B1E-49DA-9BBB-24DA1DF15FD0}"
EndProject
Project("{FAE04EC0-301F-11D3-BF4B-00C04F79EFBC}") = "HomeAutomation.Controller.Mqtt", "HomeAutomation.Controller.Mqtt\HomeAutomation.Controller.Mqtt.csproj", "{6D6B8343-37EF-4F1A-BFA3-49D04CDA0988}"
EndProject
Project("{2150E333-8FDC-42A3-9474-1A3956D46DE8}") = "Controller", "Controller", "{6F92EB0F-4B59-48EF-BAAB-DE7323326BA4}"
EndProject
Global
	GlobalSection(SolutionConfigurationPlatforms) = preSolution
		Debug|Any CPU = Debug|Any CPU
		Debug|ARM = Debug|ARM
		Debug|x64 = Debug|x64
		Debug|x86 = Debug|x86
		Release|Any CPU = Release|Any CPU
		Release|ARM = Release|ARM
		Release|x64 = Release|x64
		Release|x86 = Release|x86
	EndGlobalSection
	GlobalSection(ProjectConfigurationPlatforms) = postSolution
		{3151F343-FE1B-48ED-9536-7FDF08C6BE58}.Debug|Any CPU.ActiveCfg = Debug|Any CPU
		{3151F343-FE1B-48ED-9536-7FDF08C6BE58}.Debug|Any CPU.Build.0 = Debug|Any CPU
		{3151F343-FE1B-48ED-9536-7FDF08C6BE58}.Debug|ARM.ActiveCfg = Debug|ARM
		{3151F343-FE1B-48ED-9536-7FDF08C6BE58}.Debug|ARM.Build.0 = Debug|ARM
		{3151F343-FE1B-48ED-9536-7FDF08C6BE58}.Debug|x64.ActiveCfg = Debug|x64
		{3151F343-FE1B-48ED-9536-7FDF08C6BE58}.Debug|x64.Build.0 = Debug|x64
		{3151F343-FE1B-48ED-9536-7FDF08C6BE58}.Debug|x86.ActiveCfg = Debug|x86
		{3151F343-FE1B-48ED-9536-7FDF08C6BE58}.Debug|x86.Build.0 = Debug|x86
		{3151F343-FE1B-48ED-9536-7FDF08C6BE58}.Release|Any CPU.ActiveCfg = Release|Any CPU
		{3151F343-FE1B-48ED-9536-7FDF08C6BE58}.Release|Any CPU.Build.0 = Release|Any CPU
		{3151F343-FE1B-48ED-9536-7FDF08C6BE58}.Release|ARM.ActiveCfg = Release|ARM
		{3151F343-FE1B-48ED-9536-7FDF08C6BE58}.Release|ARM.Build.0 = Release|ARM
		{3151F343-FE1B-48ED-9536-7FDF08C6BE58}.Release|x64.ActiveCfg = Release|x64
		{3151F343-FE1B-48ED-9536-7FDF08C6BE58}.Release|x64.Build.0 = Release|x64
		{3151F343-FE1B-48ED-9536-7FDF08C6BE58}.Release|x86.ActiveCfg = Release|x86
		{3151F343-FE1B-48ED-9536-7FDF08C6BE58}.Release|x86.Build.0 = Release|x86
		{E221D2FB-75E1-4BB5-AB34-DB96435C7DAA}.Debug|Any CPU.ActiveCfg = Debug|Any CPU
		{E221D2FB-75E1-4BB5-AB34-DB96435C7DAA}.Debug|Any CPU.Build.0 = Debug|Any CPU
		{E221D2FB-75E1-4BB5-AB34-DB96435C7DAA}.Debug|ARM.ActiveCfg = Debug|ARM
		{E221D2FB-75E1-4BB5-AB34-DB96435C7DAA}.Debug|ARM.Build.0 = Debug|ARM
		{E221D2FB-75E1-4BB5-AB34-DB96435C7DAA}.Debug|ARM.Deploy.0 = Debug|ARM
		{E221D2FB-75E1-4BB5-AB34-DB96435C7DAA}.Debug|x64.ActiveCfg = Debug|x64
		{E221D2FB-75E1-4BB5-AB34-DB96435C7DAA}.Debug|x64.Build.0 = Debug|x64
		{E221D2FB-75E1-4BB5-AB34-DB96435C7DAA}.Debug|x86.ActiveCfg = Debug|x86
		{E221D2FB-75E1-4BB5-AB34-DB96435C7DAA}.Debug|x86.Build.0 = Debug|x86
		{E221D2FB-75E1-4BB5-AB34-DB96435C7DAA}.Release|Any CPU.ActiveCfg = Release|Any CPU
		{E221D2FB-75E1-4BB5-AB34-DB96435C7DAA}.Release|Any CPU.Build.0 = Release|Any CPU
		{E221D2FB-75E1-4BB5-AB34-DB96435C7DAA}.Release|ARM.ActiveCfg = Release|ARM
		{E221D2FB-75E1-4BB5-AB34-DB96435C7DAA}.Release|ARM.Build.0 = Release|ARM
		{E221D2FB-75E1-4BB5-AB34-DB96435C7DAA}.Release|x64.ActiveCfg = Release|x64
		{E221D2FB-75E1-4BB5-AB34-DB96435C7DAA}.Release|x64.Build.0 = Release|x64
		{E221D2FB-75E1-4BB5-AB34-DB96435C7DAA}.Release|x86.ActiveCfg = Release|x86
		{E221D2FB-75E1-4BB5-AB34-DB96435C7DAA}.Release|x86.Build.0 = Release|x86
		{3E7F9495-4C0F-4FFE-925E-392AFBDE036D}.Debug|Any CPU.ActiveCfg = Debug|Any CPU
		{3E7F9495-4C0F-4FFE-925E-392AFBDE036D}.Debug|Any CPU.Build.0 = Debug|Any CPU
		{3E7F9495-4C0F-4FFE-925E-392AFBDE036D}.Debug|ARM.ActiveCfg = Debug|ARM
		{3E7F9495-4C0F-4FFE-925E-392AFBDE036D}.Debug|ARM.Build.0 = Debug|ARM
		{3E7F9495-4C0F-4FFE-925E-392AFBDE036D}.Debug|x64.ActiveCfg = Debug|x64
		{3E7F9495-4C0F-4FFE-925E-392AFBDE036D}.Debug|x64.Build.0 = Debug|x64
		{3E7F9495-4C0F-4FFE-925E-392AFBDE036D}.Debug|x86.ActiveCfg = Debug|x86
		{3E7F9495-4C0F-4FFE-925E-392AFBDE036D}.Debug|x86.Build.0 = Debug|x86
		{3E7F9495-4C0F-4FFE-925E-392AFBDE036D}.Release|Any CPU.ActiveCfg = Release|Any CPU
		{3E7F9495-4C0F-4FFE-925E-392AFBDE036D}.Release|Any CPU.Build.0 = Release|Any CPU
		{3E7F9495-4C0F-4FFE-925E-392AFBDE036D}.Release|ARM.ActiveCfg = Release|ARM
		{3E7F9495-4C0F-4FFE-925E-392AFBDE036D}.Release|ARM.Build.0 = Release|ARM
		{3E7F9495-4C0F-4FFE-925E-392AFBDE036D}.Release|x64.ActiveCfg = Release|x64
		{3E7F9495-4C0F-4FFE-925E-392AFBDE036D}.Release|x64.Build.0 = Release|x64
		{3E7F9495-4C0F-4FFE-925E-392AFBDE036D}.Release|x86.ActiveCfg = Release|x86
		{3E7F9495-4C0F-4FFE-925E-392AFBDE036D}.Release|x86.Build.0 = Release|x86
		{5A90067B-7923-4632-A871-A1F578D94C58}.Debug|Any CPU.ActiveCfg = Debug|Any CPU
		{5A90067B-7923-4632-A871-A1F578D94C58}.Debug|Any CPU.Build.0 = Debug|Any CPU
		{5A90067B-7923-4632-A871-A1F578D94C58}.Debug|ARM.ActiveCfg = Debug|ARM
		{5A90067B-7923-4632-A871-A1F578D94C58}.Debug|ARM.Build.0 = Debug|ARM
		{5A90067B-7923-4632-A871-A1F578D94C58}.Debug|x64.ActiveCfg = Debug|x64
		{5A90067B-7923-4632-A871-A1F578D94C58}.Debug|x64.Build.0 = Debug|x64
		{5A90067B-7923-4632-A871-A1F578D94C58}.Debug|x86.ActiveCfg = Debug|x86
		{5A90067B-7923-4632-A871-A1F578D94C58}.Debug|x86.Build.0 = Debug|x86
		{5A90067B-7923-4632-A871-A1F578D94C58}.Release|Any CPU.ActiveCfg = Release|Any CPU
		{5A90067B-7923-4632-A871-A1F578D94C58}.Release|Any CPU.Build.0 = Release|Any CPU
		{5A90067B-7923-4632-A871-A1F578D94C58}.Release|ARM.ActiveCfg = Release|ARM
		{5A90067B-7923-4632-A871-A1F578D94C58}.Release|ARM.Build.0 = Release|ARM
		{5A90067B-7923-4632-A871-A1F578D94C58}.Release|x64.ActiveCfg = Release|x64
		{5A90067B-7923-4632-A871-A1F578D94C58}.Release|x64.Build.0 = Release|x64
		{5A90067B-7923-4632-A871-A1F578D94C58}.Release|x86.ActiveCfg = Release|x86
		{5A90067B-7923-4632-A871-A1F578D94C58}.Release|x86.Build.0 = Release|x86
		{F8BAFD53-064E-43B6-8671-A09AF5F812C4}.Debug|Any CPU.ActiveCfg = Debug|Any CPU
		{F8BAFD53-064E-43B6-8671-A09AF5F812C4}.Debug|Any CPU.Build.0 = Debug|Any CPU
		{F8BAFD53-064E-43B6-8671-A09AF5F812C4}.Debug|ARM.ActiveCfg = Debug|ARM
		{F8BAFD53-064E-43B6-8671-A09AF5F812C4}.Debug|ARM.Build.0 = Debug|ARM
		{F8BAFD53-064E-43B6-8671-A09AF5F812C4}.Debug|x64.ActiveCfg = Debug|x64
		{F8BAFD53-064E-43B6-8671-A09AF5F812C4}.Debug|x64.Build.0 = Debug|x64
		{F8BAFD53-064E-43B6-8671-A09AF5F812C4}.Debug|x86.ActiveCfg = Debug|x86
		{F8BAFD53-064E-43B6-8671-A09AF5F812C4}.Debug|x86.Build.0 = Debug|x86
		{F8BAFD53-064E-43B6-8671-A09AF5F812C4}.Release|Any CPU.ActiveCfg = Release|Any CPU
		{F8BAFD53-064E-43B6-8671-A09AF5F812C4}.Release|Any CPU.Build.0 = Release|Any CPU
		{F8BAFD53-064E-43B6-8671-A09AF5F812C4}.Release|ARM.ActiveCfg = Release|ARM
		{F8BAFD53-064E-43B6-8671-A09AF5F812C4}.Release|ARM.Build.0 = Release|ARM
		{F8BAFD53-064E-43B6-8671-A09AF5F812C4}.Release|x64.ActiveCfg = Release|x64
		{F8BAFD53-064E-43B6-8671-A09AF5F812C4}.Release|x64.Build.0 = Release|x64
		{F8BAFD53-064E-43B6-8671-A09AF5F812C4}.Release|x86.ActiveCfg = Release|x86
		{F8BAFD53-064E-43B6-8671-A09AF5F812C4}.Release|x86.Build.0 = Release|x86
		{F7EC2235-E2D5-4D32-A8FD-F6664489F7A5}.Debug|Any CPU.ActiveCfg = Debug|Any CPU
		{F7EC2235-E2D5-4D32-A8FD-F6664489F7A5}.Debug|Any CPU.Build.0 = Debug|Any CPU
		{F7EC2235-E2D5-4D32-A8FD-F6664489F7A5}.Debug|ARM.ActiveCfg = Debug|ARM
		{F7EC2235-E2D5-4D32-A8FD-F6664489F7A5}.Debug|ARM.Build.0 = Debug|ARM
		{F7EC2235-E2D5-4D32-A8FD-F6664489F7A5}.Debug|ARM.Deploy.0 = Debug|ARM
		{F7EC2235-E2D5-4D32-A8FD-F6664489F7A5}.Debug|x64.ActiveCfg = Debug|x64
		{F7EC2235-E2D5-4D32-A8FD-F6664489F7A5}.Debug|x64.Build.0 = Debug|x64
		{F7EC2235-E2D5-4D32-A8FD-F6664489F7A5}.Debug|x86.ActiveCfg = Debug|x86
		{F7EC2235-E2D5-4D32-A8FD-F6664489F7A5}.Debug|x86.Build.0 = Debug|x86
		{F7EC2235-E2D5-4D32-A8FD-F6664489F7A5}.Release|Any CPU.ActiveCfg = Release|Any CPU
		{F7EC2235-E2D5-4D32-A8FD-F6664489F7A5}.Release|Any CPU.Build.0 = Release|Any CPU
		{F7EC2235-E2D5-4D32-A8FD-F6664489F7A5}.Release|ARM.ActiveCfg = Release|ARM
		{F7EC2235-E2D5-4D32-A8FD-F6664489F7A5}.Release|ARM.Build.0 = Release|ARM
		{F7EC2235-E2D5-4D32-A8FD-F6664489F7A5}.Release|x64.ActiveCfg = Release|x64
		{F7EC2235-E2D5-4D32-A8FD-F6664489F7A5}.Release|x64.Build.0 = Release|x64
		{F7EC2235-E2D5-4D32-A8FD-F6664489F7A5}.Release|x86.ActiveCfg = Release|x86
		{F7EC2235-E2D5-4D32-A8FD-F6664489F7A5}.Release|x86.Build.0 = Release|x86
		{E9A208CF-759F-4F8D-8A73-F0013C4F9308}.Debug|Any CPU.ActiveCfg = Debug|x86
		{E9A208CF-759F-4F8D-8A73-F0013C4F9308}.Debug|ARM.ActiveCfg = Debug|ARM
		{E9A208CF-759F-4F8D-8A73-F0013C4F9308}.Debug|ARM.Build.0 = Debug|ARM
		{E9A208CF-759F-4F8D-8A73-F0013C4F9308}.Debug|ARM.Deploy.0 = Debug|ARM
		{E9A208CF-759F-4F8D-8A73-F0013C4F9308}.Debug|x64.ActiveCfg = Debug|x64
		{E9A208CF-759F-4F8D-8A73-F0013C4F9308}.Debug|x64.Build.0 = Debug|x64
		{E9A208CF-759F-4F8D-8A73-F0013C4F9308}.Debug|x64.Deploy.0 = Debug|x64
		{E9A208CF-759F-4F8D-8A73-F0013C4F9308}.Debug|x86.ActiveCfg = Debug|x86
		{E9A208CF-759F-4F8D-8A73-F0013C4F9308}.Debug|x86.Build.0 = Debug|x86
		{E9A208CF-759F-4F8D-8A73-F0013C4F9308}.Debug|x86.Deploy.0 = Debug|x86
		{E9A208CF-759F-4F8D-8A73-F0013C4F9308}.Release|Any CPU.ActiveCfg = Release|x86
		{E9A208CF-759F-4F8D-8A73-F0013C4F9308}.Release|ARM.ActiveCfg = Release|ARM
		{E9A208CF-759F-4F8D-8A73-F0013C4F9308}.Release|ARM.Build.0 = Release|ARM
		{E9A208CF-759F-4F8D-8A73-F0013C4F9308}.Release|ARM.Deploy.0 = Release|ARM
		{E9A208CF-759F-4F8D-8A73-F0013C4F9308}.Release|x64.ActiveCfg = Release|x64
		{E9A208CF-759F-4F8D-8A73-F0013C4F9308}.Release|x64.Build.0 = Release|x64
		{E9A208CF-759F-4F8D-8A73-F0013C4F9308}.Release|x64.Deploy.0 = Release|x64
		{E9A208CF-759F-4F8D-8A73-F0013C4F9308}.Release|x86.ActiveCfg = Release|x86
		{E9A208CF-759F-4F8D-8A73-F0013C4F9308}.Release|x86.Build.0 = Release|x86
		{E9A208CF-759F-4F8D-8A73-F0013C4F9308}.Release|x86.Deploy.0 = Release|x86
		{397889B1-1F9A-4A65-B5C1-F167DF1B2FB7}.Debug|Any CPU.ActiveCfg = Debug|x86
		{397889B1-1F9A-4A65-B5C1-F167DF1B2FB7}.Debug|ARM.ActiveCfg = Debug|ARM
		{397889B1-1F9A-4A65-B5C1-F167DF1B2FB7}.Debug|ARM.Build.0 = Debug|ARM
		{397889B1-1F9A-4A65-B5C1-F167DF1B2FB7}.Debug|x64.ActiveCfg = Debug|x64
		{397889B1-1F9A-4A65-B5C1-F167DF1B2FB7}.Debug|x64.Build.0 = Debug|x64
		{397889B1-1F9A-4A65-B5C1-F167DF1B2FB7}.Debug|x64.Deploy.0 = Debug|x64
		{397889B1-1F9A-4A65-B5C1-F167DF1B2FB7}.Debug|x86.ActiveCfg = Debug|x86
		{397889B1-1F9A-4A65-B5C1-F167DF1B2FB7}.Debug|x86.Build.0 = Debug|x86
		{397889B1-1F9A-4A65-B5C1-F167DF1B2FB7}.Debug|x86.Deploy.0 = Debug|x86
		{397889B1-1F9A-4A65-B5C1-F167DF1B2FB7}.Release|Any CPU.ActiveCfg = Release|x86
		{397889B1-1F9A-4A65-B5C1-F167DF1B2FB7}.Release|ARM.ActiveCfg = Release|ARM
		{397889B1-1F9A-4A65-B5C1-F167DF1B2FB7}.Release|ARM.Build.0 = Release|ARM
		{397889B1-1F9A-4A65-B5C1-F167DF1B2FB7}.Release|ARM.Deploy.0 = Release|ARM
		{397889B1-1F9A-4A65-B5C1-F167DF1B2FB7}.Release|x64.ActiveCfg = Release|x64
		{397889B1-1F9A-4A65-B5C1-F167DF1B2FB7}.Release|x64.Build.0 = Release|x64
		{397889B1-1F9A-4A65-B5C1-F167DF1B2FB7}.Release|x64.Deploy.0 = Release|x64
		{397889B1-1F9A-4A65-B5C1-F167DF1B2FB7}.Release|x86.ActiveCfg = Release|x86
		{397889B1-1F9A-4A65-B5C1-F167DF1B2FB7}.Release|x86.Build.0 = Release|x86
		{397889B1-1F9A-4A65-B5C1-F167DF1B2FB7}.Release|x86.Deploy.0 = Release|x86
		{0A26C936-CC9E-4F6A-94C6-2BD126074B3E}.Debug|Any CPU.ActiveCfg = Debug|x86
		{0A26C936-CC9E-4F6A-94C6-2BD126074B3E}.Debug|ARM.ActiveCfg = Debug|ARM
		{0A26C936-CC9E-4F6A-94C6-2BD126074B3E}.Debug|ARM.Build.0 = Debug|ARM
		{0A26C936-CC9E-4F6A-94C6-2BD126074B3E}.Debug|x64.ActiveCfg = Debug|x64
		{0A26C936-CC9E-4F6A-94C6-2BD126074B3E}.Debug|x64.Build.0 = Debug|x64
		{0A26C936-CC9E-4F6A-94C6-2BD126074B3E}.Debug|x64.Deploy.0 = Debug|x64
		{0A26C936-CC9E-4F6A-94C6-2BD126074B3E}.Debug|x86.ActiveCfg = Debug|x86
		{0A26C936-CC9E-4F6A-94C6-2BD126074B3E}.Debug|x86.Build.0 = Debug|x86
		{0A26C936-CC9E-4F6A-94C6-2BD126074B3E}.Debug|x86.Deploy.0 = Debug|x86
		{0A26C936-CC9E-4F6A-94C6-2BD126074B3E}.Release|Any CPU.ActiveCfg = Release|x86
		{0A26C936-CC9E-4F6A-94C6-2BD126074B3E}.Release|ARM.ActiveCfg = Release|ARM
		{0A26C936-CC9E-4F6A-94C6-2BD126074B3E}.Release|ARM.Build.0 = Release|ARM
		{0A26C936-CC9E-4F6A-94C6-2BD126074B3E}.Release|ARM.Deploy.0 = Release|ARM
		{0A26C936-CC9E-4F6A-94C6-2BD126074B3E}.Release|x64.ActiveCfg = Release|x64
		{0A26C936-CC9E-4F6A-94C6-2BD126074B3E}.Release|x64.Build.0 = Release|x64
		{0A26C936-CC9E-4F6A-94C6-2BD126074B3E}.Release|x64.Deploy.0 = Release|x64
		{0A26C936-CC9E-4F6A-94C6-2BD126074B3E}.Release|x86.ActiveCfg = Release|x86
		{0A26C936-CC9E-4F6A-94C6-2BD126074B3E}.Release|x86.Build.0 = Release|x86
		{0A26C936-CC9E-4F6A-94C6-2BD126074B3E}.Release|x86.Deploy.0 = Release|x86
		{5DA44374-82C8-477A-9A12-96ECFA7D3750}.Debug|Any CPU.ActiveCfg = Debug|x86
		{5DA44374-82C8-477A-9A12-96ECFA7D3750}.Debug|ARM.ActiveCfg = Debug|ARM
		{5DA44374-82C8-477A-9A12-96ECFA7D3750}.Debug|ARM.Build.0 = Debug|ARM
		{5DA44374-82C8-477A-9A12-96ECFA7D3750}.Debug|x64.ActiveCfg = Debug|x64
		{5DA44374-82C8-477A-9A12-96ECFA7D3750}.Debug|x64.Build.0 = Debug|x64
		{5DA44374-82C8-477A-9A12-96ECFA7D3750}.Debug|x64.Deploy.0 = Debug|x64
		{5DA44374-82C8-477A-9A12-96ECFA7D3750}.Debug|x86.ActiveCfg = Debug|x86
		{5DA44374-82C8-477A-9A12-96ECFA7D3750}.Debug|x86.Build.0 = Debug|x86
		{5DA44374-82C8-477A-9A12-96ECFA7D3750}.Debug|x86.Deploy.0 = Debug|x86
		{5DA44374-82C8-477A-9A12-96ECFA7D3750}.Release|Any CPU.ActiveCfg = Release|x86
		{5DA44374-82C8-477A-9A12-96ECFA7D3750}.Release|ARM.ActiveCfg = Release|ARM
		{5DA44374-82C8-477A-9A12-96ECFA7D3750}.Release|ARM.Build.0 = Release|ARM
		{5DA44374-82C8-477A-9A12-96ECFA7D3750}.Release|ARM.Deploy.0 = Release|ARM
		{5DA44374-82C8-477A-9A12-96ECFA7D3750}.Release|x64.ActiveCfg = Release|x64
		{5DA44374-82C8-477A-9A12-96ECFA7D3750}.Release|x64.Build.0 = Release|x64
		{5DA44374-82C8-477A-9A12-96ECFA7D3750}.Release|x64.Deploy.0 = Release|x64
		{5DA44374-82C8-477A-9A12-96ECFA7D3750}.Release|x86.ActiveCfg = Release|x86
		{5DA44374-82C8-477A-9A12-96ECFA7D3750}.Release|x86.Build.0 = Release|x86
		{5DA44374-82C8-477A-9A12-96ECFA7D3750}.Release|x86.Deploy.0 = Release|x86
		{668EA50C-71BC-4504-A56C-B6A0829433CF}.Debug|Any CPU.ActiveCfg = Debug|x86
		{668EA50C-71BC-4504-A56C-B6A0829433CF}.Debug|ARM.ActiveCfg = Debug|ARM
		{668EA50C-71BC-4504-A56C-B6A0829433CF}.Debug|ARM.Build.0 = Debug|ARM
		{668EA50C-71BC-4504-A56C-B6A0829433CF}.Debug|x64.ActiveCfg = Debug|x64
		{668EA50C-71BC-4504-A56C-B6A0829433CF}.Debug|x64.Build.0 = Debug|x64
		{668EA50C-71BC-4504-A56C-B6A0829433CF}.Debug|x64.Deploy.0 = Debug|x64
		{668EA50C-71BC-4504-A56C-B6A0829433CF}.Debug|x86.ActiveCfg = Debug|x86
		{668EA50C-71BC-4504-A56C-B6A0829433CF}.Debug|x86.Build.0 = Debug|x86
		{668EA50C-71BC-4504-A56C-B6A0829433CF}.Debug|x86.Deploy.0 = Debug|x86
		{668EA50C-71BC-4504-A56C-B6A0829433CF}.Release|Any CPU.ActiveCfg = Release|x86
		{668EA50C-71BC-4504-A56C-B6A0829433CF}.Release|ARM.ActiveCfg = Release|ARM
		{668EA50C-71BC-4504-A56C-B6A0829433CF}.Release|ARM.Build.0 = Release|ARM
		{668EA50C-71BC-4504-A56C-B6A0829433CF}.Release|ARM.Deploy.0 = Release|ARM
		{668EA50C-71BC-4504-A56C-B6A0829433CF}.Release|x64.ActiveCfg = Release|x64
		{668EA50C-71BC-4504-A56C-B6A0829433CF}.Release|x64.Build.0 = Release|x64
		{668EA50C-71BC-4504-A56C-B6A0829433CF}.Release|x64.Deploy.0 = Release|x64
		{668EA50C-71BC-4504-A56C-B6A0829433CF}.Release|x86.ActiveCfg = Release|x86
		{668EA50C-71BC-4504-A56C-B6A0829433CF}.Release|x86.Build.0 = Release|x86
		{668EA50C-71BC-4504-A56C-B6A0829433CF}.Release|x86.Deploy.0 = Release|x86
		{4C6BDFC9-0FFF-4104-8696-1831F18C8B81}.Debug|Any CPU.ActiveCfg = Debug|x86
		{4C6BDFC9-0FFF-4104-8696-1831F18C8B81}.Debug|ARM.ActiveCfg = Debug|ARM
		{4C6BDFC9-0FFF-4104-8696-1831F18C8B81}.Debug|ARM.Build.0 = Debug|ARM
		{4C6BDFC9-0FFF-4104-8696-1831F18C8B81}.Debug|x64.ActiveCfg = Debug|x64
		{4C6BDFC9-0FFF-4104-8696-1831F18C8B81}.Debug|x64.Build.0 = Debug|x64
		{4C6BDFC9-0FFF-4104-8696-1831F18C8B81}.Debug|x64.Deploy.0 = Debug|x64
		{4C6BDFC9-0FFF-4104-8696-1831F18C8B81}.Debug|x86.ActiveCfg = Debug|x86
		{4C6BDFC9-0FFF-4104-8696-1831F18C8B81}.Debug|x86.Build.0 = Debug|x86
		{4C6BDFC9-0FFF-4104-8696-1831F18C8B81}.Debug|x86.Deploy.0 = Debug|x86
		{4C6BDFC9-0FFF-4104-8696-1831F18C8B81}.Release|Any CPU.ActiveCfg = Release|x86
		{4C6BDFC9-0FFF-4104-8696-1831F18C8B81}.Release|ARM.ActiveCfg = Release|ARM
		{4C6BDFC9-0FFF-4104-8696-1831F18C8B81}.Release|ARM.Build.0 = Release|ARM
		{4C6BDFC9-0FFF-4104-8696-1831F18C8B81}.Release|ARM.Deploy.0 = Release|ARM
		{4C6BDFC9-0FFF-4104-8696-1831F18C8B81}.Release|x64.ActiveCfg = Release|x64
		{4C6BDFC9-0FFF-4104-8696-1831F18C8B81}.Release|x64.Build.0 = Release|x64
		{4C6BDFC9-0FFF-4104-8696-1831F18C8B81}.Release|x64.Deploy.0 = Release|x64
		{4C6BDFC9-0FFF-4104-8696-1831F18C8B81}.Release|x86.ActiveCfg = Release|x86
		{4C6BDFC9-0FFF-4104-8696-1831F18C8B81}.Release|x86.Build.0 = Release|x86
		{4C6BDFC9-0FFF-4104-8696-1831F18C8B81}.Release|x86.Deploy.0 = Release|x86
		{FF9BB532-5312-40E3-92E1-F65FB1A312A9}.Debug|Any CPU.ActiveCfg = Debug|Any CPU
		{FF9BB532-5312-40E3-92E1-F65FB1A312A9}.Debug|Any CPU.Build.0 = Debug|Any CPU
		{FF9BB532-5312-40E3-92E1-F65FB1A312A9}.Debug|ARM.ActiveCfg = Debug|ARM
		{FF9BB532-5312-40E3-92E1-F65FB1A312A9}.Debug|ARM.Build.0 = Debug|ARM
		{FF9BB532-5312-40E3-92E1-F65FB1A312A9}.Debug|x64.ActiveCfg = Debug|x64
		{FF9BB532-5312-40E3-92E1-F65FB1A312A9}.Debug|x64.Build.0 = Debug|x64
		{FF9BB532-5312-40E3-92E1-F65FB1A312A9}.Debug|x86.ActiveCfg = Debug|x86
		{FF9BB532-5312-40E3-92E1-F65FB1A312A9}.Debug|x86.Build.0 = Debug|x86
		{FF9BB532-5312-40E3-92E1-F65FB1A312A9}.Release|Any CPU.ActiveCfg = Release|Any CPU
		{FF9BB532-5312-40E3-92E1-F65FB1A312A9}.Release|Any CPU.Build.0 = Release|Any CPU
		{FF9BB532-5312-40E3-92E1-F65FB1A312A9}.Release|ARM.ActiveCfg = Release|ARM
		{FF9BB532-5312-40E3-92E1-F65FB1A312A9}.Release|ARM.Build.0 = Release|ARM
		{FF9BB532-5312-40E3-92E1-F65FB1A312A9}.Release|x64.ActiveCfg = Release|x64
		{FF9BB532-5312-40E3-92E1-F65FB1A312A9}.Release|x64.Build.0 = Release|x64
		{FF9BB532-5312-40E3-92E1-F65FB1A312A9}.Release|x86.ActiveCfg = Release|x86
		{FF9BB532-5312-40E3-92E1-F65FB1A312A9}.Release|x86.Build.0 = Release|x86
		{B1160ED7-9B1E-49DA-9BBB-24DA1DF15FD0}.Debug|Any CPU.ActiveCfg = Debug|Any CPU
		{B1160ED7-9B1E-49DA-9BBB-24DA1DF15FD0}.Debug|Any CPU.Build.0 = Debug|Any CPU
		{B1160ED7-9B1E-49DA-9BBB-24DA1DF15FD0}.Debug|ARM.ActiveCfg = Debug|ARM
		{B1160ED7-9B1E-49DA-9BBB-24DA1DF15FD0}.Debug|ARM.Build.0 = Debug|ARM
		{B1160ED7-9B1E-49DA-9BBB-24DA1DF15FD0}.Debug|x64.ActiveCfg = Debug|x64
		{B1160ED7-9B1E-49DA-9BBB-24DA1DF15FD0}.Debug|x64.Build.0 = Debug|x64
		{B1160ED7-9B1E-49DA-9BBB-24DA1DF15FD0}.Debug|x86.ActiveCfg = Debug|x86
		{B1160ED7-9B1E-49DA-9BBB-24DA1DF15FD0}.Debug|x86.Build.0 = Debug|x86
		{B1160ED7-9B1E-49DA-9BBB-24DA1DF15FD0}.Release|Any CPU.ActiveCfg = Release|Any CPU
		{B1160ED7-9B1E-49DA-9BBB-24DA1DF15FD0}.Release|Any CPU.Build.0 = Release|Any CPU
		{B1160ED7-9B1E-49DA-9BBB-24DA1DF15FD0}.Release|ARM.ActiveCfg = Release|ARM
		{B1160ED7-9B1E-49DA-9BBB-24DA1DF15FD0}.Release|ARM.Build.0 = Release|ARM
		{B1160ED7-9B1E-49DA-9BBB-24DA1DF15FD0}.Release|x64.ActiveCfg = Release|x64
		{B1160ED7-9B1E-49DA-9BBB-24DA1DF15FD0}.Release|x64.Build.0 = Release|x64
		{B1160ED7-9B1E-49DA-9BBB-24DA1DF15FD0}.Release|x86.ActiveCfg = Release|x86
		{B1160ED7-9B1E-49DA-9BBB-24DA1DF15FD0}.Release|x86.Build.0 = Release|x86
		{6D6B8343-37EF-4F1A-BFA3-49D04CDA0988}.Debug|Any CPU.ActiveCfg = Debug|Any CPU
		{6D6B8343-37EF-4F1A-BFA3-49D04CDA0988}.Debug|Any CPU.Build.0 = Debug|Any CPU
		{6D6B8343-37EF-4F1A-BFA3-49D04CDA0988}.Debug|ARM.ActiveCfg = Debug|ARM
		{6D6B8343-37EF-4F1A-BFA3-49D04CDA0988}.Debug|ARM.Build.0 = Debug|ARM
		{6D6B8343-37EF-4F1A-BFA3-49D04CDA0988}.Debug|x64.ActiveCfg = Debug|x64
		{6D6B8343-37EF-4F1A-BFA3-49D04CDA0988}.Debug|x64.Build.0 = Debug|x64
		{6D6B8343-37EF-4F1A-BFA3-49D04CDA0988}.Debug|x86.ActiveCfg = Debug|x86
		{6D6B8343-37EF-4F1A-BFA3-49D04CDA0988}.Debug|x86.Build.0 = Debug|x86
		{6D6B8343-37EF-4F1A-BFA3-49D04CDA0988}.Release|Any CPU.ActiveCfg = Release|Any CPU
		{6D6B8343-37EF-4F1A-BFA3-49D04CDA0988}.Release|Any CPU.Build.0 = Release|Any CPU
		{6D6B8343-37EF-4F1A-BFA3-49D04CDA0988}.Release|ARM.ActiveCfg = Release|ARM
		{6D6B8343-37EF-4F1A-BFA3-49D04CDA0988}.Release|ARM.Build.0 = Release|ARM
		{6D6B8343-37EF-4F1A-BFA3-49D04CDA0988}.Release|x64.ActiveCfg = Release|x64
		{6D6B8343-37EF-4F1A-BFA3-49D04CDA0988}.Release|x64.Build.0 = Release|x64
		{6D6B8343-37EF-4F1A-BFA3-49D04CDA0988}.Release|x86.ActiveCfg = Release|x86
		{6D6B8343-37EF-4F1A-BFA3-49D04CDA0988}.Release|x86.Build.0 = Release|x86
	EndGlobalSection
	GlobalSection(SolutionProperties) = preSolution
		HideSolutionNode = FALSE
	EndGlobalSection
	GlobalSection(NestedProjects) = preSolution
		{3151F343-FE1B-48ED-9536-7FDF08C6BE58} = {B9987A67-E32E-4156-9AC8-BB5AD7EC81A3}
		{E221D2FB-75E1-4BB5-AB34-DB96435C7DAA} = {B544D851-8942-4AEF-94DE-63B9B6B57046}
		{3E7F9495-4C0F-4FFE-925E-392AFBDE036D} = {B544D851-8942-4AEF-94DE-63B9B6B57046}
		{5A90067B-7923-4632-A871-A1F578D94C58} = {B544D851-8942-4AEF-94DE-63B9B6B57046}
		{F8BAFD53-064E-43B6-8671-A09AF5F812C4} = {B544D851-8942-4AEF-94DE-63B9B6B57046}
		{F7EC2235-E2D5-4D32-A8FD-F6664489F7A5} = {B544D851-8942-4AEF-94DE-63B9B6B57046}
		{E9A208CF-759F-4F8D-8A73-F0013C4F9308} = {B9987A67-E32E-4156-9AC8-BB5AD7EC81A3}
		{397889B1-1F9A-4A65-B5C1-F167DF1B2FB7} = {E46A108E-DD10-4AF2-8BE7-0F764CD4984D}
		{0A26C936-CC9E-4F6A-94C6-2BD126074B3E} = {E46A108E-DD10-4AF2-8BE7-0F764CD4984D}
		{5DA44374-82C8-477A-9A12-96ECFA7D3750} = {E46A108E-DD10-4AF2-8BE7-0F764CD4984D}
		{668EA50C-71BC-4504-A56C-B6A0829433CF} = {E46A108E-DD10-4AF2-8BE7-0F764CD4984D}
		{4C6BDFC9-0FFF-4104-8696-1831F18C8B81} = {E46A108E-DD10-4AF2-8BE7-0F764CD4984D}
		{FF9BB532-5312-40E3-92E1-F65FB1A312A9} = {CEBEAB9F-C7D6-4445-9073-96B19F8D7D9B}
		{B1160ED7-9B1E-49DA-9BBB-24DA1DF15FD0} = {B544D851-8942-4AEF-94DE-63B9B6B57046}
		{6D6B8343-37EF-4F1A-BFA3-49D04CDA0988} = {6F92EB0F-4B59-48EF-BAAB-DE7323326BA4}
	EndGlobalSection
EndGlobal
